{
  "name": "google-docs-preview-mcp",
  "version": "0.2.1",
  "lockfileVersion": 3,
  "requires": true,
  "packages": {
    "": {
      "name": "google-docs-preview-mcp",
      "version": "0.2.1",
      "bin": {
        "google-docs-preview-mcp": "bin/docs-mcp-local.js"
      },
      "engines": {
        "node": ">=20"
      }
    }
  }
}
